// !$*UTF8*$!
{
	archiveVersion = 1;
	classes = {
	};
	objectVersion = 46;
	objects = {

/* Begin PBXBuildFile section */
		BC19FD091CA3C2B50089FB06 /* main.m in Sources */ = {isa = PBXBuildFile; fileRef = BC19FD081CA3C2B50089FB06 /* main.m */; };
		BC19FD0C1CA3C2B50089FB06 /* AppDelegate.m in Sources */ = {isa = PBXBuildFile; fileRef = BC19FD0B1CA3C2B50089FB06 /* AppDelegate.m */; };
		BC19FD0F1CA3C2B50089FB06 /* ViewController.m in Sources */ = {isa = PBXBuildFile; fileRef = BC19FD0E1CA3C2B50089FB06 /* ViewController.m */; };
		BC19FD121CA3C2B50089FB06 /* Main.storyboard in Resources */ = {isa = PBXBuildFile; fileRef = BC19FD101CA3C2B50089FB06 /* Main.storyboard */; };
		BC19FD141CA3C2B50089FB06 /* Assets.xcassets in Resources */ = {isa = PBXBuildFile; fileRef = BC19FD131CA3C2B50089FB06 /* Assets.xcassets */; };
		BC19FD171CA3C2B50089FB06 /* LaunchScreen.storyboard in Resources */ = {isa = PBXBuildFile; fileRef = BC19FD151CA3C2B50089FB06 /* LaunchScreen.storyboard */; };
/* End PBXBuildFile section */

/* Begin PBXFileReference section */
		BC19FD041CA3C2B50089FB06 /* GitHubDemo.app */ = {isa = PBXFileReference; explicitFileType = wrapper.application; includeInIndex = 0; path = GitHubDemo.app; sourceTree = BUILT_PRODUCTS_DIR; };
		BC19FD081CA3C2B50089FB06 /* main.m */ = {isa = PBXFileReference; lastKnownFileType = sourcecode.c.objc; path = main.m; sourceTree = "<group>"; };
		BC19FD0A1CA3C2B50089FB06 /* AppDelegate.h */ = {isa = PBXFileReference; lastKnownFileType = sourcecode.c.h; path = AppDelegate.h; sourceTree = "<group>"; };
		BC19FD0B1CA3C2B50089FB06 /* AppDelegate.m */ = {isa = PBXFileReference; lastKnownFileType = sourcecode.c.objc; path = AppDelegate.m; sourceTree = "<group>"; };
		BC19FD0D1CA3C2B50089FB06 /* ViewController.h */ = {isa = PBXFileReference; lastKnownFileType = sourcecode.c.h; path = ViewController.h; sourceTree = "<group>"; };
		BC19FD0E1CA3C2B50089FB06 /* ViewController.m */ = {isa = PBXFileReference; lastKnownFileType = sourcecode.c.objc; path = ViewController.m; sourceTree = "<group>"; };
		BC19FD111CA3C2B50089FB06 /* Base */ = {isa = PBXFileReference; lastKnownFileType = file.storyboard; name = Base; path = Base.lproj/Main.storyboard; sourceTree = "<group>"; };
		BC19FD131CA3C2B50089FB06 /* Assets.xcassets */ = {isa = PBXFileReference; lastKnownFileType = folder.assetcatalog; path = Assets.xcassets; sourceTree = "<group>"; };
		BC19FD161CA3C2B50089FB06 /* Base */ = {isa = PBXFileReference; lastKnownFileType = file.storyboard; name = Base; path = Base.lproj/LaunchScreen.storyboard; sourceTree = "<group>"; };
		BC19FD181CA3C2B50089FB06 /* Info.plist */ = {isa = PBXFileReference; lastKnownFileType = text.plist.xml; path = Info.plist; sourceTree = "<group>"; };
/* End PBXFileReference section */

/* Begin PBXFrameworksBuildPhase section */
		BC19FD011CA3C2B50089FB06 /* Frameworks */ = {
			isa = PBXFrameworksBuildPhase;
			buildActionMask = 2147483647;
			files = (
			);
			runOnlyForDeploymentPostprocessing = 0;
		};
/* End PBXFrameworksBuildPhase section */

/* Begin PBXGroup section */
		BC19FCFB1CA3C2B50089FB06 = {
			isa = PBXGroup;
			children = (
				BC19FD061CA3C2B50089FB06 /* GitHubDemo */,
				BC19FD051CA3C2B50089FB06 /* Products */,
			);
			sourceTree = "<group>";
		};
		BC19FD051CA3C2B50089FB06 /* Products */ = {
			isa = PBXGroup;
			children = (
				BC19FD041CA3C2B50089FB06 /* GitHubDemo.app */,
			);
			name = Products;
			sourceTree = "<group>";
		};
		BC19FD061CA3C2B50089FB06 /* GitHubDemo */ = {
			isa = PBXGroup;
			children = (
				BC19FD0A1CA3C2B50089FB06 /* AppDelegate.h */,
				BC19FD0B1CA3C2B50089FB06 /* AppDelegate.m */,
				BC19FD0D1CA3C2B50089FB06 /* ViewController.h */,
				BC19FD0E1CA3C2B50089FB06 /* ViewController.m */,
				BC19FD101CA3C2B50089FB06 /* Main.storyboard */,
				BC19FD131CA3C2B50089FB06 /* Assets.xcassets */,
				BC19FD151CA3C2B50089FB06 /* LaunchScreen.storyboard */,
				BC19FD181CA3C2B50089FB06 /* Info.plist */,
				BC19FD071CA3C2B50089FB06 /* Supporting Files */,
			);
			path = GitHubDemo;
			sourceTree = "<group>";
		};
		BC19FD071CA3C2B50089FB06 /* Supporting Files */ = {
			isa = PBXGroup;
			children = (
				BC19FD081CA3C2B50089FB06 /* main.m */,
			);
			name = "Supporting Files";
			sourceTree = "<group>";
		};
/* End PBXGroup section */

/* Begin PBXNativeTarget section */
		BC19FD031CA3C2B50089FB06 /* GitHubDemo */ = {
			isa = PBXNativeTarget;
			buildConfigurationList = BC19FD1B1CA3C2B50089FB06 /* Build configuration list for PBXNativeTarget "GitHubDemo" */;
			buildPhases = (
				BC19FD001CA3C2B50089FB06 /* Sources */,
				BC19FD011CA3C2B50089FB06 /* Frameworks */,
				BC19FD021CA3C2B50089FB06 /* Resources */,
			);
			buildRules = (
			);
			dependencies = (
			);
			name = GitHubDemo;
			productName = GitHubDemo;
			productReference = BC19FD041CA3C2B50089FB06 /* GitHubDemo.app */;
			productType = "com.apple.product-type.application";
		};
/* End PBXNativeTarget section */

/* Begin PBXProject section */
		BC19FCFC1CA3C2B50089FB06 /* Project object */ = {
			isa = PBXProject;
			attributes = {
				LastUpgradeCheck = 0720;
				ORGANIZATIONNAME = QianFeng;
				TargetAttributes = {
					BC19FD031CA3C2B50089FB06 = {
						CreatedOnToolsVersion = 7.2;
					};
				};
			};
			buildConfigurationList = BC19FCFF1CA3C2B50089FB06 /* Build configuration list for PBXProject "GitHubDemo" */;
			compatibilityVersion = "Xcode 3.2";
			developmentRegion = English;
			hasScannedForEncodings = 0;
			knownRegions = (
				en,
				Base,
			);
			mainGroup = BC19FCFB1CA3C2B50089FB06;
			productRefGroup = BC19FD051CA3C2B50089FB06 /* Products */;
			projectDirPath = "";
			projectRoot = "";
			targets = (
				BC19FD031CA3C2B50089FB06 /* GitHubDemo */,
			);
		};
/* End PBXProject section */

/* Begin PBXResourcesBuildPhase section */
		BC19FD021CA3C2B50089FB06 /* Resources */ = {
			isa = PBXResourcesBuildPhase;
			buildActionMask = 2147483647;
			files = (
				BC19FD171CA3C2B50089FB06 /* LaunchScreen.storyboard in Resources */,
				BC19FD141CA3C2B50089FB06 /* Assets.xcassets in Resources */,
				BC19FD121CA3C2B50089FB06 /* Main.storyboard in Resources */,
			);
			runOnlyForDeploymentPostprocessing = 0;
		};
/* End PBXResourcesBuildPhase section */

/* Begin PBXSourcesBuildPhase section */
		BC19FD001CA3C2B50089FB06 /* Sources */ = {
			isa = PBXSourcesBuildPhase;
			buildActionMask = 2147483647;
			files = (
				BC19FD0F1CA3C2B50089FB06 /* ViewController.m in Sources */,
				BC19FD0C1CA3C2B50089FB06 /* AppDelegate.m in Sources */,
				BC19FD091CA3C2B50089FB06 /* main.m in Sources */,
			);
			runOnlyForDeploymentPostprocessing = 0;
		};
/* End PBXSourcesBuildPhase section */

/* Begin PBXVariantGroup section */
		BC19FD101CA3C2B50089FB06 /* Main.storyboard */ = {
			isa = PBXVariantGroup;
			children = (
				BC19FD111CA3C2B50089FB06 /* Base */,
			);
			name = Main.storyboard;
			sourceTree = "<group>";
		};
		BC19FD151CA3C2B50089FB06 /* LaunchScreen.storyboard */ = {
			isa = PBXVariantGroup;
			children = (
				BC19FD161CA3C2B50089FB06 /* Base */,
			);
			name = LaunchScreen.storyboard;
			sourceTree = "<group>";
		};
/* End PBXVariantGroup section */

/* Begin XCBuildConfiguration section */
		BC19FD191CA3C2B50089FB06 /* Debug */ = {
			isa = XCBuildConfiguration;
			buildSettings = {
				ALWAYS_SEARCH_USER_PATHS = NO;
				CLANG_CXX_LANGUAGE_STANDARD = "gnu++0x";
				CLANG_CXX_LIBRARY = "libc++";
				CLANG_ENABLE_MODULES = YES;
				CLANG_ENABLE_OBJC_ARC = YES;
				CLANG_WARN_BOOL_CONVERSION = YES;
				CLANG_WARN_CONSTANT_CONVERSION = YES;
				CLANG_WARN_DIRECT_OBJC_ISA_USAGE = YES_ERROR;
				CLANG_WARN_EMPTY_BODY = YES;
				CLANG_WARN_ENUM_CONVERSION = YES;
				CLANG_WARN_INT_CONVERSION = YES;
				CLANG_WARN_OBJC_ROOT_CLASS = YES_ERROR;
				CLANG_WARN_UNREACHABLE_CODE = YES;
				CLANG_WARN__DUPLICATE_METHOD_MATCH = YES;
				"CODE_SIGN_IDENTITY[sdk=iphoneos*]" = "iPhone Developer";
				COPY_PHASE_STRIP = NO;
				DEBUG_INFORMATION_FORMAT = dwarf;
				ENABLE_STRICT_OBJC_MSGSEND = YES;
				ENABLE_TESTABILITY = YES;
				GCC_C_LANGUAGE_STANDARD = gnu99;
				GCC_DYNAMIC_NO_PIC = NO;
				GCC_NO_COMMON_BLOCKS = YES;
				GCC_OPTIMIZATION_LEVEL = 0;
				GCC_PREPROCESSOR_DEFINITIONS = (
					"DEBUG=1",
					"$(inherited)",
				);
				GCC_WARN_64_TO_32_BIT_CONVERSION = YES;
				GCC_WARN_ABOUT_RETURN_TYPE = YES_ERROR;
				GCC_WARN_UNDECLARED_SELECTOR = YES;
				GCC_WARN_UNINITIALIZED_AUTOS = YES_AGGRESSIVE;
				GCC_WARN_UNUSED_FUNCTION = YES;
				GCC_WARN_UNUSED_VARIABLE = YES;
				IPHONEOS_DEPLOYMENT_TARGET = 9.2;
				MTL_ENABLE_DEBUG_INFO = YES;
				ONLY_ACTIVE_ARCH = YES;
				SDKROOT = iphoneos;
				TARGETED_DEVICE_FAMILY = "1,2";
			};
			name = Debug;
		};
		BC19FD1A1CA3C2B50089FB06 /* Release */ = {
			isa = XCBuildConfiguration;
			buildSettings = {
				ALWAYS_SEARCH_USER_PATHS = NO;
				CLANG_CXX_LANGUAGE_STANDARD = "gnu++0x";
				CLANG_CXX_LIBRARY = "libc++";
				CLANG_ENABLE_MODULES = YES;
				CLANG_ENABLE_OBJC_ARC = YES;
				CLANG_WARN_BOOL_CONVERSION = YES;
				CLANG_WARN_CONSTANT_CONVERSION = YES;
				CLANG_WARN_DIRECT_OBJC_ISA_USAGE = YES_ERROR;
				CLANG_WARN_EMPTY_BODY = YES;
				CLANG_WARN_ENUM_CONVERSION = YES;
				CLANG_WARN_INT_CONVERSION = YES;
				CLANG_WARN_OBJC_ROOT_CLASS = YES_ERROR;
				CLANG_WARN_UNREACHABLE_CODE = YES;
				CLANG_WARN__DUPLICATE_METHOD_MATCH = YES;
				"CODE_SIGN_IDENTITY[sdk=iphoneos*]" = "iPhone Developer";
				COPY_PHASE_STRIP = NO;
				DEBUG_INFORMATION_FORMAT = "dwarf-with-dsym";
				ENABLE_NS_ASSERTIONS = NO;
				ENABLE_STRICT_OBJC_MSGSEND = YES;
				GCC_C_LANGUAGE_STANDARD = gnu99;
				GCC_NO_COMMON_BLOCKS = YES;
				GCC_WARN_64_TO_32_BIT_CONVERSION = YES;
				GCC_WARN_ABOUT_RETURN_TYPE = YES_ERROR;
				GCC_WARN_UNDECLARED_SELECTOR = YES;
				GCC_WARN_UNINITIALIZED_AUTOS = YES_AGGRESSIVE;
				GCC_WARN_UNUSED_FUNCTION = YES;
				GCC_WARN_UNUSED_VARIABLE = YES;
				IPHONEOS_DEPLOYMENT_TARGET = 9.2;
				MTL_ENABLE_DEBUG_INFO = NO;
				SDKROOT = iphoneos;
				TARGETED_DEVICE_FAMILY = "1,2";
				VALIDATE_PRODUCT = YES;
			};
			name = Release;
		};
		BC19FD1C1CA3C2B50089FB06 /* Debug */ = {
			isa = XCBuildConfiguration;
			buildSettings = {
				ASSETCATALOG_COMPILER_APPICON_NAME = AppIcon;
				INFOPLIST_FILE = GitHubDemo/Info.plist;
				LD_RUNPATH_SEARCH_PATHS = "$(inherited) @executable_path/Frameworks";
				PRODUCT_BUNDLE_IDENTIFIER = HuangJinwei.GitHubDemo;
				PRODUCT_NAME = "$(TARGET_NAME)";
			};
			name = Debug;
		};
		BC19FD1D1CA3C2B50089FB06 /* Release */ = {
			isa = XCBuildConfiguration;
			buildSettings = {
				ASSETCATALOG_COMPILER_APPICON_NAME = AppIcon;
				INFOPLIST_FILE = GitHubDemo/Info.plist;
				LD_RUNPATH_SEARCH_PATHS = "$(inherited) @executable_path/Frameworks";
				PRODUCT_BUNDLE_IDENTIFIER = HuangJinwei.GitHubDemo;
				PRODUCT_NAME = "$(TARGET_NAME)";
			};
			name = Release;
		};
/* End XCBuildConfiguration section */

/* Begin XCConfigurationList section */
		BC19FCFF1CA3C2B50089FB06 /* Build configuration list for PBXProject "GitHubDemo" */ = {
			isa = XCConfigurationList;
			buildConfigurations = (
				BC19FD191CA3C2B50089FB06 /* Debug */,
				BC19FD1A1CA3C2B50089FB06 /* Release */,
			);
			defaultConfigurationIsVisible = 0;
			defaultConfigurationName = Release;
		};
		BC19FD1B1CA3C2B50089FB06 /* Build configuration list for PBXNativeTarget "GitHubDemo" */ = {
			isa = XCConfigurationList;
			buildConfigurations = (
				BC19FD1C1CA3C2B50089FB06 /* Debug */,
				BC19FD1D1CA3C2B50089FB06 /* Release */,
			);
			defaultConfigurationIsVisible = 0;
		};
/* End XCConfigurationList section */
	};
	rootObject = BC19FCFC1CA3C2B50089FB06 /* Project object */;
}
